
Microsoft Visual Studio Solution File, Format Version 12.00
# Visual Studio Version 16
VisualStudioVersion = 16.0.28809.33
MinimumVisualStudioVersion = 10.0.40219.1
Project("{FAE04EC0-301F-11D3-BF4B-00C04F79EFBC}") = "MyLeasing.Common", "MyLeasing.Common\MyLeasing.Common.csproj", "{7C109834-73AB-4CC6-A5AD-BB3CFE1E26D5}"
EndProject
Project("{FAE04EC0-301F-11D3-BF4B-00C04F79EFBC}") = "MyLeasing.Web", "MyLeasing.Web\MyLeasing.Web.csproj", "{27767630-FF1B-4E5E-AE14-FD340D4D71D9}"
EndProject
Global
	GlobalSection(SolutionConfigurationPlatforms) = preSolution
		Debug|Any CPU = Debug|Any CPU
		Release|Any CPU = Release|Any CPU
	EndGlobalSection
	GlobalSection(ProjectConfigurationPlatforms) = postSolution
		{7C109834-73AB-4CC6-A5AD-BB3CFE1E26D5}.Debug|Any CPU.ActiveCfg = Debug|Any CPU
		{7C109834-73AB-4CC6-A5AD-BB3CFE1E26D5}.Debug|Any CPU.Build.0 = Debug|Any CPU
		{7C109834-73AB-4CC6-A5AD-BB3CFE1E26D5}.Release|Any CPU.ActiveCfg = Release|Any CPU
		{7C109834-73AB-4CC6-A5AD-BB3CFE1E26D5}.Release|Any CPU.Build.0 = Release|Any CPU
		{27767630-FF1B-4E5E-AE14-FD340D4D71D9}.Debug|Any CPU.ActiveCfg = Debug|Any CPU
		{27767630-FF1B-4E5E-AE14-FD340D4D71D9}.Debug|Any CPU.Build.0 = Debug|Any CPU
		{27767630-FF1B-4E5E-AE14-FD340D4D71D9}.Release|Any CPU.ActiveCfg = Release|Any CPU
		{27767630-FF1B-4E5E-AE14-FD340D4D71D9}.Release|Any CPU.Build.0 = Release|Any CPU
	EndGlobalSection
	GlobalSection(SolutionProperties) = preSolution
		HideSolutionNode = FALSE
	EndGlobalSection
	GlobalSection(ExtensibilityGlobals) = postSolution
		SolutionGuid = {7D2C0B67-C0D9-4250-99BA-D497E024AC1A}
	EndGlobalSection
EndGlobal
